
Microsoft Visual Studio Solution File, Format Version 12.00
# Visual Studio Version 16
VisualStudioVersion = 16.0.33027.164
MinimumVisualStudioVersion = 10.0.40219.1
Project("{8BC9CEB8-8B4A-11D0-8D11-00A0C91BC942}") = "14장_상속과 다형성", "14장_상속과 다형성\14장_상속과 다형성.vcxproj", "{8423E145-11BF-4B51-A071-BC3B6D6CB62F}"
EndProject
Global
	GlobalSection(SolutionConfigurationPlatforms) = preSolution
		Debug|x64 = Debug|x64
		Debug|x86 = Debug|x86
		Release|x64 = Release|x64
		Release|x86 = Release|x86
	EndGlobalSection
	GlobalSection(ProjectConfigurationPlatforms) = postSolution
		{8423E145-11BF-4B51-A071-BC3B6D6CB62F}.Debug|x64.ActiveCfg = Debug|x64
		{8423E145-11BF-4B51-A071-BC3B6D6CB62F}.Debug|x64.Build.0 = Debug|x64
		{8423E145-11BF-4B51-A071-BC3B6D6CB62F}.Debug|x86.ActiveCfg = Debug|Win32
		{8423E145-11BF-4B51-A071-BC3B6D6CB62F}.Debug|x86.Build.0 = Debug|Win32
		{8423E145-11BF-4B51-A071-BC3B6D6CB62F}.Release|x64.ActiveCfg = Release|x64
		{8423E145-11BF-4B51-A071-BC3B6D6CB62F}.Release|x64.Build.0 = Release|x64
		{8423E145-11BF-4B51-A071-BC3B6D6CB62F}.Release|x86.ActiveCfg = Release|Win32
		{8423E145-11BF-4B51-A071-BC3B6D6CB62F}.Release|x86.Build.0 = Release|Win32
	EndGlobalSection
	GlobalSection(SolutionProperties) = preSolution
		HideSolutionNode = FALSE
	EndGlobalSection
	GlobalSection(ExtensibilityGlobals) = postSolution
		SolutionGuid = {D729C294-29AB-4342-BFAC-FCCBD9EFFFF5}
	EndGlobalSection
EndGlobal
